// !$*UTF8*$!
{
	archiveVersion = 1;
	classes = {
	};
	objectVersion = 48;
	objects = {

/* Begin PBXBuildFile section */
		2313C16F1F4B91C70027B78A /* AppDelegate.swift in Sources */ = {isa = PBXBuildFile; fileRef = 2313C16E1F4B91C70027B78A /* AppDelegate.swift */; };
		2313C1711F4B91C70027B78A /* ViewController.swift in Sources */ = {isa = PBXBuildFile; fileRef = 2313C1701F4B91C70027B78A /* ViewController.swift */; };
		2313C1741F4B91C70027B78A /* Main.storyboard in Resources */ = {isa = PBXBuildFile; fileRef = 2313C1721F4B91C70027B78A /* Main.storyboard */; };
		2313C1761F4B91C70027B78A /* Assets.xcassets in Resources */ = {isa = PBXBuildFile; fileRef = 2313C1751F4B91C70027B78A /* Assets.xcassets */; };
		2313C1791F4B91C70027B78A /* LaunchScreen.storyboard in Resources */ = {isa = PBXBuildFile; fileRef = 2313C1771F4B91C70027B78A /* LaunchScreen.storyboard */; };
/* End PBXBuildFile section */

/* Begin PBXFileReference section */
		2313C16B1F4B91C70027B78A /* MiraclePill.app */ = {isa = PBXFileReference; explicitFileType = wrapper.application; includeInIndex = 0; path = MiraclePill.app; sourceTree = BUILT_PRODUCTS_DIR; };
		2313C16E1F4B91C70027B78A /* AppDelegate.swift */ = {isa = PBXFileReference; lastKnownFileType = sourcecode.swift; path = AppDelegate.swift; sourceTree = "<group>"; };
		2313C1701F4B91C70027B78A /* ViewController.swift */ = {isa = PBXFileReference; lastKnownFileType = sourcecode.swift; path = ViewController.swift; sourceTree = "<group>"; };
		2313C1731F4B91C70027B78A /* Base */ = {isa = PBXFileReference; lastKnownFileType = file.storyboard; name = Base; path = Base.lproj/Main.storyboard; sourceTree = "<group>"; };
		2313C1751F4B91C70027B78A /* Assets.xcassets */ = {isa = PBXFileReference; lastKnownFileType = folder.assetcatalog; path = Assets.xcassets; sourceTree = "<group>"; };
		2313C1781F4B91C70027B78A /* Base */ = {isa = PBXFileReference; lastKnownFileType = file.storyboard; name = Base; path = Base.lproj/LaunchScreen.storyboard; sourceTree = "<group>"; };
		2313C17A1F4B91C70027B78A /* Info.plist */ = {isa = PBXFileReference; lastKnownFileType = text.plist.xml; path = Info.plist; sourceTree = "<group>"; };
/* End PBXFileReference section */

/* Begin PBXFrameworksBuildPhase section */
		2313C1681F4B91C70027B78A /* Frameworks */ = {
			isa = PBXFrameworksBuildPhase;
			buildActionMask = 2147483647;
			files = (
			);
			runOnlyForDeploymentPostprocessing = 0;
		};
/* End PBXFrameworksBuildPhase section */

/* Begin PBXGroup section */
		2313C1621F4B91C70027B78A = {
			isa = PBXGroup;
			children = (
				2313C16D1F4B91C70027B78A /* MiraclePill */,
				2313C16C1F4B91C70027B78A /* Products */,
			);
			sourceTree = "<group>";
		};
		2313C16C1F4B91C70027B78A /* Products */ = {
			isa = PBXGroup;
			children = (
				2313C16B1F4B91C70027B78A /* MiraclePill.app */,
			);
			name = Products;
			sourceTree = "<group>";
		};
		2313C16D1F4B91C70027B78A /* MiraclePill */ = {
			isa = PBXGroup;
			children = (
				2313C16E1F4B91C70027B78A /* AppDelegate.swift */,
				2313C1701F4B91C70027B78A /* ViewController.swift */,
				2313C1721F4B91C70027B78A /* Main.storyboard */,
				2313C1751F4B91C70027B78A /* Assets.xcassets */,
				2313C1771F4B91C70027B78A /* LaunchScreen.storyboard */,
				2313C17A1F4B91C70027B78A /* Info.plist */,
			);
			path = MiraclePill;
			sourceTree = "<group>";
		};
/* End PBXGroup section */

/* Begin PBXNativeTarget section */
		2313C16A1F4B91C70027B78A /* MiraclePill */ = {
			isa = PBXNativeTarget;
			buildConfigurationList = 2313C17D1F4B91C70027B78A /* Build configuration list for PBXNativeTarget "MiraclePill" */;
			buildPhases = (
				2313C1671F4B91C70027B78A /* Sources */,
				2313C1681F4B91C70027B78A /* Frameworks */,
				2313C1691F4B91C70027B78A /* Resources */,
			);
			buildRules = (
			);
			dependencies = (
			);
			name = MiraclePill;
			productName = MiraclePill;
			productReference = 2313C16B1F4B91C70027B78A /* MiraclePill.app */;
			productType = "com.apple.product-type.application";
		};
/* End PBXNativeTarget section */

/* Begin PBXProject section */
		2313C1631F4B91C70027B78A /* Project object */ = {
			isa = PBXProject;
			attributes = {
				LastSwiftUpdateCheck = 0900;
				LastUpgradeCheck = 0900;
				ORGANIZATIONNAME = "Nikolas Ponomarov";
				TargetAttributes = {
					2313C16A1F4B91C70027B78A = {
						CreatedOnToolsVersion = 9.0;
					};
				};
			};
			buildConfigurationList = 2313C1661F4B91C70027B78A /* Build configuration list for PBXProject "MiraclePill" */;
			compatibilityVersion = "Xcode 8.0";
			developmentRegion = en;
			hasScannedForEncodings = 0;
			knownRegions = (
				en,
				Base,
			);
			mainGroup = 2313C1621F4B91C70027B78A;
			productRefGroup = 2313C16C1F4B91C70027B78A /* Products */;
			projectDirPath = "";
			projectRoot = "";
			targets = (
				2313C16A1F4B91C70027B78A /* MiraclePill */,
			);
		};
/* End PBXProject section */

/* Begin PBXResourcesBuildPhase section */
		2313C1691F4B91C70027B78A /* Resources */ = {
			isa = PBXResourcesBuildPhase;
			buildActionMask = 2147483647;
			files = (
				2313C1791F4B91C70027B78A /* LaunchScreen.storyboard in Resources */,
				2313C1761F4B91C70027B78A /* Assets.xcassets in Resources */,
				2313C1741F4B91C70027B78A /* Main.storyboard in Resources */,
			);
			runOnlyForDeploymentPostprocessing = 0;
		};
/* End PBXResourcesBuildPhase section */

/* Begin PBXSourcesBuildPhase section */
		2313C1671F4B91C70027B78A /* Sources */ = {
			isa = PBXSourcesBuildPhase;
			buildActionMask = 2147483647;
			files = (
				2313C1711F4B91C70027B78A /* ViewController.swift in Sources */,
				2313C16F1F4B91C70027B78A /* AppDelegate.swift in Sources */,
			);
			runOnlyForDeploymentPostprocessing = 0;
		};
/* End PBXSourcesBuildPhase section */

/* Begin PBXVariantGroup section */
		2313C1721F4B91C70027B78A /* Main.storyboard */ = {
			isa = PBXVariantGroup;
			children = (
				2313C1731F4B91C70027B78A /* Base */,
			);
			name = Main.storyboard;
			sourceTree = "<group>";
		};
		2313C1771F4B91C70027B78A /* LaunchScreen.storyboard */ = {
			isa = PBXVariantGroup;
			children = (
				2313C1781F4B91C70027B78A /* Base */,
			);
			name = LaunchScreen.storyboard;
			sourceTree = "<group>";
		};
/* End PBXVariantGroup section */

/* Begin XCBuildConfiguration section */
		2313C17B1F4B91C70027B78A /* Debug */ = {
			isa = XCBuildConfiguration;
			buildSettings = {
				ALWAYS_SEARCH_USER_PATHS = NO;
				CLANG_ANALYZER_NONNULL = YES;
				CLANG_ANALYZER_NUMBER_OBJECT_CONVERSION = YES_AGGRESSIVE;
				CLANG_CXX_LANGUAGE_STANDARD = "gnu++14";
				CLANG_CXX_LIBRARY = "libc++";
				CLANG_ENABLE_MODULES = YES;
				CLANG_ENABLE_OBJC_ARC = YES;
				CLANG_WARN_BLOCK_CAPTURE_AUTORELEASING = YES;
				CLANG_WARN_BOOL_CONVERSION = YES;
				CLANG_WARN_COMMA = YES;
				CLANG_WARN_CONSTANT_CONVERSION = YES;
				CLANG_WARN_DIRECT_OBJC_ISA_USAGE = YES_ERROR;
				CLANG_WARN_DOCUMENTATION_COMMENTS = YES;
				CLANG_WARN_EMPTY_BODY = YES;
				CLANG_WARN_ENUM_CONVERSION = YES;
				CLANG_WARN_INFINITE_RECURSION = YES;
				CLANG_WARN_INT_CONVERSION = YES;
				CLANG_WARN_NON_LITERAL_NULL_CONVERSION = YES;
				CLANG_WARN_OBJC_LITERAL_CONVERSION = YES;
				CLANG_WARN_OBJC_ROOT_CLASS = YES_ERROR;
				CLANG_WARN_RANGE_LOOP_ANALYSIS = YES;
				CLANG_WARN_STRICT_PROTOTYPES = YES;
				CLANG_WARN_SUSPICIOUS_MOVE = YES;
				CLANG_WARN_UNGUARDED_AVAILABILITY = YES_AGGRESSIVE;
				CLANG_WARN_UNREACHABLE_CODE = YES;
				CLANG_WARN__DUPLICATE_METHOD_MATCH = YES;
				CODE_SIGN_IDENTITY = "iPhone Developer";
				COPY_PHASE_STRIP = NO;
				DEBUG_INFORMATION_FORMAT = dwarf;
				ENABLE_STRICT_OBJC_MSGSEND = YES;
				ENABLE_TESTABILITY = YES;
				GCC_C_LANGUAGE_STANDARD = gnu11;
				GCC_DYNAMIC_NO_PIC = NO;
				GCC_NO_COMMON_BLOCKS = YES;
				GCC_OPTIMIZATION_LEVEL = 0;
				GCC_PREPROCESSOR_DEFINITIONS = (
					"DEBUG=1",
					"$(inherited)",
				);
				GCC_WARN_64_TO_32_BIT_CONVERSION = YES;
				GCC_WARN_ABOUT_RETURN_TYPE = YES_ERROR;
				GCC_WARN_UNDECLARED_SELECTOR = YES;
				GCC_WARN_UNINITIALIZED_AUTOS = YES_AGGRESSIVE;
				GCC_WARN_UNUSED_FUNCTION = YES;
				GCC_WARN_UNUSED_VARIABLE = YES;
				IPHONEOS_DEPLOYMENT_TARGET = 11.0;
				MTL_ENABLE_DEBUG_INFO = YES;
				ONLY_ACTIVE_ARCH = YES;
				SDKROOT = iphoneos;
				SWIFT_ACTIVE_COMPILATION_CONDITIONS = DEBUG;
				SWIFT_OPTIMIZATION_LEVEL = "-Onone";
			};
			name = Debug;
		};
		2313C17C1F4B91C70027B78A /* Release */ = {
			isa = XCBuildConfiguration;
			buildSettings = {
				ALWAYS_SEARCH_USER_PATHS = NO;
				CLANG_ANALYZER_NONNULL = YES;
				CLANG_ANALYZER_NUMBER_OBJECT_CONVERSION = YES_AGGRESSIVE;
				CLANG_CXX_LANGUAGE_STANDARD = "gnu++14";
				CLANG_CXX_LIBRARY = "libc++";
				CLANG_ENABLE_MODULES = YES;
				CLANG_ENABLE_OBJC_ARC = YES;
				CLANG_WARN_BLOCK_CAPTURE_AUTORELEASING = YES;
				CLANG_WARN_BOOL_CONVERSION = YES;
				CLANG_WARN_COMMA = YES;
				CLANG_WARN_CONSTANT_CONVERSION = YES;
				CLANG_WARN_DIRECT_OBJC_ISA_USAGE = YES_ERROR;
				CLANG_WARN_DOCUMENTATION_COMMENTS = YES;
				CLANG_WARN_EMPTY_BODY = YES;
				CLANG_WARN_ENUM_CONVERSION = YES;
				CLANG_WARN_INFINITE_RECURSION = YES;
				CLANG_WARN_INT_CONVERSION = YES;
				CLANG_WARN_NON_LITERAL_NULL_CONVERSION = YES;
				CLANG_WARN_OBJC_LITERAL_CONVERSION = YES;
				CLANG_WARN_OBJC_ROOT_CLASS = YES_ERROR;
				CLANG_WARN_RANGE_LOOP_ANALYSIS = YES;
				CLANG_WARN_STRICT_PROTOTYPES = YES;
				CLANG_WARN_SUSPICIOUS_MOVE = YES;
				CLANG_WARN_UNGUARDED_AVAILABILITY = YES_AGGRESSIVE;
				CLANG_WARN_UNREACHABLE_CODE = YES;
				CLANG_WARN__DUPLICATE_METHOD_MATCH = YES;
				CODE_SIGN_IDENTITY = "iPhone Developer";
				COPY_PHASE_STRIP = NO;
				DEBUG_INFORMATION_FORMAT = "dwarf-with-dsym";
				ENABLE_NS_ASSERTIONS = NO;
				ENABLE_STRICT_OBJC_MSGSEND = YES;
				GCC_C_LANGUAGE_STANDARD = gnu11;
				GCC_NO_COMMON_BLOCKS = YES;
				GCC_WARN_64_TO_32_BIT_CONVERSION = YES;
				GCC_WARN_ABOUT_RETURN_TYPE = YES_ERROR;
				GCC_WARN_UNDECLARED_SELECTOR = YES;
				GCC_WARN_UNINITIALIZED_AUTOS = YES_AGGRESSIVE;
				GCC_WARN_UNUSED_FUNCTION = YES;
				GCC_WARN_UNUSED_VARIABLE = YES;
				IPHONEOS_DEPLOYMENT_TARGET = 11.0;
				MTL_ENABLE_DEBUG_INFO = NO;
				SDKROOT = iphoneos;
				SWIFT_OPTIMIZATION_LEVEL = "-Owholemodule";
				VALIDATE_PRODUCT = YES;
			};
			name = Release;
		};
		2313C17E1F4B91C70027B78A /* Debug */ = {
			isa = XCBuildConfiguration;
			buildSettings = {
				ASSETCATALOG_COMPILER_APPICON_NAME = AppIcon;
				INFOPLIST_FILE = MiraclePill/Info.plist;
				LD_RUNPATH_SEARCH_PATHS = "$(inherited) @executable_path/Frameworks";
				PRODUCT_BUNDLE_IDENTIFIER = mponomar.MiraclePill;
				PRODUCT_NAME = "$(TARGET_NAME)";
				SWIFT_VERSION = 4.0;
				TARGETED_DEVICE_FAMILY = "1,2";
			};
			name = Debug;
		};
		2313C17F1F4B91C70027B78A /* Release */ = {
			isa = XCBuildConfiguration;
			buildSettings = {
				ASSETCATALOG_COMPILER_APPICON_NAME = AppIcon;
				INFOPLIST_FILE = MiraclePill/Info.plist;
				LD_RUNPATH_SEARCH_PATHS = "$(inherited) @executable_path/Frameworks";
				PRODUCT_BUNDLE_IDENTIFIER = mponomar.MiraclePill;
				PRODUCT_NAME = "$(TARGET_NAME)";
				SWIFT_VERSION = 4.0;
				TARGETED_DEVICE_FAMILY = "1,2";
			};
			name = Release;
		};
/* End XCBuildConfiguration section */

/* Begin XCConfigurationList section */
		2313C1661F4B91C70027B78A /* Build configuration list for PBXProject "MiraclePill" */ = {
			isa = XCConfigurationList;
			buildConfigurations = (
				2313C17B1F4B91C70027B78A /* Debug */,
				2313C17C1F4B91C70027B78A /* Release */,
			);
			defaultConfigurationIsVisible = 0;
			defaultConfigurationName = Release;
		};
		2313C17D1F4B91C70027B78A /* Build configuration list for PBXNativeTarget "MiraclePill" */ = {
			isa = XCConfigurationList;
			buildConfigurations = (
				2313C17E1F4B91C70027B78A /* Debug */,
				2313C17F1F4B91C70027B78A /* Release */,
			);
			defaultConfigurationIsVisible = 0;
			defaultConfigurationName = Release;
		};
/* End XCConfigurationList section */
	};
	rootObject = 2313C1631F4B91C70027B78A /* Project object */;
}
